{
  "name": "hitagi-mobile-web",
  "version": "1.0.0",
  "lockfileVersion": 1,
  "requires": true,
  "dependencies": {
    "angularjs-onsenui": {
      "version": "1.0.1",
      "resolved": "https://registry.npmjs.org/angularjs-onsenui/-/angularjs-onsenui-1.0.1.tgz",
      "integrity": "sha512-0yuJEUaDTJHpbjg36LnjQ9Hq4Ms47Rn9ctFHIASt2m1jk9OTelX4SYWhUfEVdKemDMQEzsab7eKTnqiVf+otvA=="
    }
  }
}
